{
  "version": 2,
  "dependencies": {
    "net10.0": {
      "BenchmarkDotNet": {
        "type": "Direct",
        "requested": "[0.15.8, )",
        "resolved": "0.15.8",
        "contentHash": "paCfrWxSeHqn3rUZc0spYXVFnHCF0nzRhG0nOLnyTjZYs8spsimBaaNmb3vwqvALKIplbYq/TF393vYiYSnh/Q==",
        "dependencies": {
          "BenchmarkDotNet.Annotations": "0.15.8",
          "CommandLineParser": "2.9.1",
          "Gee.External.Capstone": "2.3.0",
          "Iced": "1.21.0",
          "Microsoft.CodeAnalysis.CSharp": "4.14.0",
          "Microsoft.Diagnostics.Runtime": "3.1.512801",
          "Microsoft.Diagnostics.Tracing.TraceEvent": "3.1.21",
          "Microsoft.DotNet.PlatformAbstractions": "3.1.6",
          "Perfolizer": "[0.6.1]",
          "System.Management": "9.0.5"
        }
      },
      "Microsoft.NET.ILLink.Tasks": {
        "type": "Direct",
        "requested": "[10.0.9, )",
        "resolved": "10.0.9",
        "contentHash": "4Iw41e2h7I4t70SJcX2GCmbyKJIlA273Cfm9RJMM050/3VBejGAG1KcthP5Z2L6SQcbfbf6BhNWO26+ZG+GzMg=="
      },
      "BenchmarkDotNet.Annotations": {
        "type": "Transitive",
        "resolved": "0.15.8",
        "contentHash": "hfucY0ycAsB0SsoaZcaAp9oq5wlWBJcylvEJb9pmvdYUx6PD6S4mDiYnZWjdjAlLhIpe/xtGCwzORfzAzPqvzA=="
      },
      "CommandLineParser": {
        "type": "Transitive",
        "resolved": "2.9.1",
        "contentHash": "OE0sl1/sQ37bjVsPKKtwQlWDgqaxWgtme3xZz7JssWUzg5JpMIyHgCTY9MVMxOg48fJ1AgGT3tgdH5m/kQ5xhA=="
      },
      "Gee.External.Capstone": {
        "type": "Transitive",
        "resolved": "2.3.0",
        "contentHash": "2ap/rYmjtzCOT8hxrnEW/QeiOt+paD8iRrIcdKX0cxVwWLFa1e+JDBNeECakmccXrSFeBQuu5AV8SNkipFMMMw=="
      },
      "Iced": {
        "type": "Transitive",
        "resolved": "1.21.0",
        "contentHash": "dv5+81Q1TBQvVMSOOOmRcjJmvWcX3BZPZsIq31+RLc5cNft0IHAyNlkdb7ZarOWG913PyBoFDsDXoCIlKmLclg=="
      },
      "Imazen.WebP.NativeRuntime.linux-arm64": {
        "type": "Transitive",
        "resolved": "1.6.1",
        "contentHash": "FDnxenIsIukfoxVYDqdVJrv+wH8UT2LJjUFYUfn0Dl0g5CrIc6ky5gKlnnn2g44q0Tu6LM2VLQel1DX1yY3wIQ=="
      },
      "Imazen.WebP.NativeRuntime.linux-x64": {
        "type": "Transitive",
        "resolved": "1.6.1",
        "contentHash": "g6dgg2KHAJD75JAjctFb57d+PRczizX5iCWWJX8pMroxU0GGM+LfQNOOTJnZHtFiRBJ3IBuKglCUKygCzTEQzw=="
      },
      "Imazen.WebP.NativeRuntime.osx-arm64": {
        "type": "Transitive",
        "resolved": "1.6.1",
        "contentHash": "jM+p/6Yt7JMOp/annM7RgBYVAvi4NuaId3ez+opCAp/KfbHnqejkwJZvZyRva8nkEBswsk8LU+ptYklvOa0+7Q=="
      },
      "Imazen.WebP.NativeRuntime.osx-x64": {
        "type": "Transitive",
        "resolved": "1.6.1",
        "contentHash": "sSzU91me+psXKIiiJ7aTOrA2MhbMae7T1oXbXdTvdeqbles15PBLqKTu9boKgZowOP7NGS8QI+RdewSTSSUHFQ=="
      },
      "Imazen.WebP.NativeRuntime.win-arm64": {
        "type": "Transitive",
        "resolved": "1.6.1",
        "contentHash": "1YGYYXBP2uF73pHN+gm0Ika0+4aZbFCmmp7hBEt7Of8cnvFEp5v7qkwz9L4qoF5zaqOZykkDpt6HFw2/ZuZOpg=="
      },
      "Imazen.WebP.NativeRuntime.win-x64": {
        "type": "Transitive",
        "resolved": "1.6.1",
        "contentHash": "xNAC283neZQZRvO7qBV2JsMddN25IcOMqijH6W9w0r/5+S9aqQyLUNQwYWFPJ2YADOYhaAsDlXG9Kq2K1oxSnA=="
      },
      "Imazen.WebP.NativeRuntime.win-x86": {
        "type": "Transitive",
        "resolved": "1.6.1",
        "contentHash": "Iz/qUdTjvpSTkXsMBIjm84w6+befIBqDTDkWPSMBgZf6lm9uXKqKGzAYjx3a0A5AttVp8F5BU8kNyMxztfofag=="
      },
      "LuaCSharp.Annotations": {
        "type": "Transitive",
        "resolved": "0.5.5",
        "contentHash": "5VcwcTNGCY5YXLz2BRko5/Z0YGd6MZqNsnnfPOsGHHpAtqWPFbD0vtOZR4jUqaQLtQUvl2+WRfmIOhp6L2S0rw=="
      },
      "LuaCSharp.SourceGenerator": {
        "type": "Transitive",
        "resolved": "0.5.5",
        "contentHash": "2xHKGc1bYXTsmSzZCNmKkuAU6A+1azulNiPY/ICKBSHIgEPMNRQ7JS6PvAClrHe6bk8SKcC/fbba6igtDzDaAw=="
      },
      "Magick.NET.Core": {
        "type": "Transitive",
        "resolved": "14.15.0",
        "contentHash": "xgD1zqb4KQ1gMQcd3eIRp8hFMHBxzW9fOpLLDR7BWN0oCwZ0i6NW7rIUiCdsEi/NuZi1UlCLWBHh3v7Y2E3LIw=="
      },
      "Microsoft.CodeAnalysis.Analyzers": {
        "type": "Transitive",
        "resolved": "3.11.0",
        "contentHash": "v/EW3UE8/lbEYHoC2Qq7AR/DnmvpgdtAMndfQNmpuIMx/Mto8L5JnuCfdBYtgvalQOtfNCnxFejxuRrryvUTsg=="
      },
      "Microsoft.CodeAnalysis.Common": {
        "type": "Transitive",
        "resolved": "4.14.0",
        "contentHash": "PC3tuwZYnC+idaPuoC/AZpEdwrtX7qFpmnrfQkgobGIWiYmGi5MCRtl5mx6QrfMGQpK78X2lfIEoZDLg/qnuHg==",
        "dependencies": {
          "Microsoft.CodeAnalysis.Analyzers": "3.11.0"
        }
      },
      "Microsoft.CodeAnalysis.CSharp": {
        "type": "Transitive",
        "resolved": "4.14.0",
        "contentHash": "568a6wcTivauIhbeWcCwfWwIn7UV7MeHEBvFB2uzGIpM2OhJ4eM/FZ8KS0yhPoNxnSpjGzz7x7CIjTxhslojQA==",
        "dependencies": {
          "Microsoft.CodeAnalysis.Analyzers": "3.11.0",
          "Microsoft.CodeAnalysis.Common": "[4.14.0]"
        }
      },
      "Microsoft.Diagnostics.NETCore.Client": {
        "type": "Transitive",
        "resolved": "0.2.510501",
        "contentHash": "juoqJYMDs+lRrrZyOkXXMImJHneCF23cuvO4waFRd2Ds7j+ZuGIPbJm0Y/zz34BdeaGiiwGWraMUlln05W1PCQ==",
        "dependencies": {
          "Microsoft.Extensions.Logging": "6.0.0"
        }
      },
      "Microsoft.Diagnostics.Runtime": {
        "type": "Transitive",
        "resolved": "3.1.512801",
        "contentHash": "0lMUDr2oxNZa28D6NH5BuSQEe5T9tZziIkvkD44YkkCGQXPJqvFjLq5ZQq1hYLl3RjQJrY+hR0jFgap+EWPDTw==",
        "dependencies": {
          "Microsoft.Diagnostics.NETCore.Client": "0.2.410101"
        }
      },
      "Microsoft.Diagnostics.Tracing.TraceEvent": {
        "type": "Transitive",
        "resolved": "3.1.21",
        "contentHash": "/OrJFKaojSR6TkUKtwh8/qA9XWNtxLrXMqvEb89dBSKCWjaGVTbKMYodIUgF5deCEtmd6GXuRerciXGl5bhZ7Q==",
        "dependencies": {
          "Microsoft.Diagnostics.NETCore.Client": "0.2.510501",
          "System.Reflection.TypeExtensions": "4.7.0"
        }
      },
      "Microsoft.DotNet.PlatformAbstractions": {
        "type": "Transitive",
        "resolved": "3.1.6",
        "contentHash": "jek4XYaQ/PGUwDKKhwR8K47Uh1189PFzMeLqO83mXrXQVIpARZCcfuDedH50YDTepBkfijCZN5U/vZi++erxtg=="
      },
      "Microsoft.Extensions.DependencyInjection": {
        "type": "Transitive",
        "resolved": "6.0.0",
        "contentHash": "k6PWQMuoBDGGHOQTtyois2u4AwyVcIwL2LaSLlTZQm2CYcJ1pxbt6jfAnpWmzENA/wfrYRI/X9DTLoUkE4AsLw==",
        "dependencies": {
          "Microsoft.Extensions.DependencyInjection.Abstractions": "6.0.0"
        }
      },
      "Microsoft.Extensions.DependencyInjection.Abstractions": {
        "type": "Transitive",
        "resolved": "6.0.0",
        "contentHash": "xlzi2IYREJH3/m6+lUrQlujzX8wDitm4QGnUu6kUXTQAWPuZY8i+ticFJbzfqaetLA6KR/rO6Ew/HuYD+bxifg=="
      },
      "Microsoft.Extensions.Logging": {
        "type": "Transitive",
        "resolved": "6.0.0",
        "contentHash": "eIbyj40QDg1NDz0HBW0S5f3wrLVnKWnDJ/JtZ+yJDFnDj90VoPuoPmFkeaXrtu+0cKm5GRAwoDf+dBWXK0TUdg==",
        "dependencies": {
          "Microsoft.Extensions.DependencyInjection": "6.0.0",
          "Microsoft.Extensions.DependencyInjection.Abstractions": "6.0.0",
          "Microsoft.Extensions.Logging.Abstractions": "6.0.0",
          "Microsoft.Extensions.Options": "6.0.0"
        }
      },
      "Microsoft.Extensions.Logging.Abstractions": {
        "type": "Transitive",
        "resolved": "6.0.0",
        "contentHash": "/HggWBbTwy8TgebGSX5DBZ24ndhzi93sHUBDvP1IxbZD7FDokYzdAr6+vbWGjw2XAfR2EJ1sfKUotpjHnFWPxA=="
      },
      "Microsoft.Extensions.Options": {
        "type": "Transitive",
        "resolved": "6.0.0",
        "contentHash": "dzXN0+V1AyjOe2xcJ86Qbo233KHuLEY0njf/P2Kw8SfJU+d45HNS2ctJdnEnrWbM9Ye2eFgaC5Mj9otRMU6IsQ==",
        "dependencies": {
          "Microsoft.Extensions.DependencyInjection.Abstractions": "6.0.0",
          "Microsoft.Extensions.Primitives": "6.0.0"
        }
      },
      "Microsoft.Extensions.Primitives": {
        "type": "Transitive",
        "resolved": "6.0.0",
        "contentHash": "9+PnzmQFfEFNR9J2aDTfJGGupShHjOuGw4VUv+JB044biSHrnmCIMD+mJHmb2H7YryrfBEXDurxQ47gJZdCKNQ=="
      },
      "Perfolizer": {
        "type": "Transitive",
        "resolved": "0.6.1",
        "contentHash": "CR1QmWg4XYBd1Pb7WseP+sDmV8nGPwvmowKynExTqr3OuckIGVMhvmN4LC5PGzfXqDlR295+hz/T7syA1CxEqA==",
        "dependencies": {
          "Pragmastat": "3.2.4"
        }
      },
      "Pragmastat": {
        "type": "Transitive",
        "resolved": "3.2.4",
        "contentHash": "I5qFifWw/gaTQT52MhzjZpkm/JPlfjSeO/DTZJjO7+hTKI+0aGRgOgZ3NN6D96dDuuqbIAZSeA5RimtHjqrA2A=="
      },
      "System.CodeDom": {
        "type": "Transitive",
        "resolved": "9.0.5",
        "contentHash": "cuzLM2MWutf9ZBEMPYYfd0DXwYdvntp7VCT6a/wvbKCa2ZuvGmW74xi+YBa2mrfEieAXqM4TNKlMmSnfAfpUoQ=="
      },
      "System.Management": {
        "type": "Transitive",
        "resolved": "9.0.5",
        "contentHash": "n6o9PZm9p25+zAzC3/48K0oHnaPKTInRrxqFq1fi/5TPbMLjuoCm/h//mS3cUmSy+9AO1Z+qsC/Ilt/ZFatv5Q==",
        "dependencies": {
          "System.CodeDom": "9.0.5"
        }
      },
      "System.Reflection.TypeExtensions": {
        "type": "Transitive",
        "resolved": "4.7.0",
        "contentHash": "VybpaOQQhqE6siHppMktjfGBw1GCwvCqiufqmP8F1nj7fTUNtW35LOEt3UZTEsECfo+ELAl/9o9nJx3U91i7vA=="
      },
      "viset": {
        "type": "Project",
        "dependencies": {
          "FSharp.Core": "[10.1.301, )",
          "Imazen.WebP.NativeRuntime.All": "[1.6.1, )",
          "LuaCSharp": "[0.5.5, )",
          "Magick.NET-Q8-AnyCPU": "[14.15.0, )",
          "Viset.Serialization": "[1.0.0, )"
        }
      },
      "viset.serialization": {
        "type": "Project",
        "dependencies": {
          "Tomlyn": "[2.10.1, )"
        }
      },
      "FSharp.Core": {
        "type": "CentralTransitive",
        "requested": "[10.1.301, )",
        "resolved": "10.1.301",
        "contentHash": "excLf2zM/qUB3WhRUfI0xvOOaPwcRAEdYT/BXe9eiTKySnWVuIKMQTf5+6ETy5nsb1dpLp1s2j2yAM/XcRgFMg=="
      },
      "Imazen.WebP.NativeRuntime.All": {
        "type": "CentralTransitive",
        "requested": "[1.6.1, )",
        "resolved": "1.6.1",
        "contentHash": "uwUBDum58VRhjlheE3XAw35dp5sdClblIhSrzmjD6sB67HumMM8qFB0foVZE1zOw4XUjyRniWRp8/GeKCSEM+Q==",
        "dependencies": {
          "Imazen.WebP.NativeRuntime.linux-arm64": "1.6.1",
          "Imazen.WebP.NativeRuntime.linux-x64": "1.6.1",
          "Imazen.WebP.NativeRuntime.osx-arm64": "1.6.1",
          "Imazen.WebP.NativeRuntime.osx-x64": "1.6.1",
          "Imazen.WebP.NativeRuntime.win-arm64": "1.6.1",
          "Imazen.WebP.NativeRuntime.win-x64": "1.6.1",
          "Imazen.WebP.NativeRuntime.win-x86": "1.6.1"
        }
      },
      "LuaCSharp": {
        "type": "CentralTransitive",
        "requested": "[0.5.5, )",
        "resolved": "0.5.5",
        "contentHash": "IL44DCbMtEafyiy8DzHFd/f+1pXuDUVFJMCJPAu8vQHNfO3ADSoWSOKMg9Py1za/ZE1K0gs0jll1viInoN+19Q==",
        "dependencies": {
          "LuaCSharp.Annotations": "0.5.5",
          "LuaCSharp.SourceGenerator": "0.5.5"
        }
      },
      "Magick.NET-Q8-AnyCPU": {
        "type": "CentralTransitive",
        "requested": "[14.15.0, )",
        "resolved": "14.15.0",
        "contentHash": "GYcT4dC2Dxgq/FN/PwVY+PHJEuZc5ZfQm0bj0BmvmSRXPjPPJzdOV8tbcMyNUQtHcRnsp6E/mJ5Tf62I8in3bg==",
        "dependencies": {
          "Magick.NET.Core": "14.15.0"
        }
      },
      "Tomlyn": {
        "type": "CentralTransitive",
        "requested": "[2.10.1, )",
        "resolved": "2.10.1",
        "contentHash": "ykjOY3IpYmC4SpPcAZRTl/w2jTmhPMDydHq8xcV7tTBAQ22nKBsOkPqauIrZlMjHm03cmKfV23UOPscKp+J4Og=="
      }
    },
    "net10.0/linux-arm64": {
      "Gee.External.Capstone": {
        "type": "Transitive",
        "resolved": "2.3.0",
        "contentHash": "2ap/rYmjtzCOT8hxrnEW/QeiOt+paD8iRrIcdKX0cxVwWLFa1e+JDBNeECakmccXrSFeBQuu5AV8SNkipFMMMw=="
      },
      "Imazen.WebP.NativeRuntime.linux-arm64": {
        "type": "Transitive",
        "resolved": "1.6.1",
        "contentHash": "FDnxenIsIukfoxVYDqdVJrv+wH8UT2LJjUFYUfn0Dl0g5CrIc6ky5gKlnnn2g44q0Tu6LM2VLQel1DX1yY3wIQ=="
      },
      "Imazen.WebP.NativeRuntime.linux-x64": {
        "type": "Transitive",
        "resolved": "1.6.1",
        "contentHash": "g6dgg2KHAJD75JAjctFb57d+PRczizX5iCWWJX8pMroxU0GGM+LfQNOOTJnZHtFiRBJ3IBuKglCUKygCzTEQzw=="
      },
      "Imazen.WebP.NativeRuntime.osx-arm64": {
        "type": "Transitive",
        "resolved": "1.6.1",
        "contentHash": "jM+p/6Yt7JMOp/annM7RgBYVAvi4NuaId3ez+opCAp/KfbHnqejkwJZvZyRva8nkEBswsk8LU+ptYklvOa0+7Q=="
      },
      "Imazen.WebP.NativeRuntime.osx-x64": {
        "type": "Transitive",
        "resolved": "1.6.1",
        "contentHash": "sSzU91me+psXKIiiJ7aTOrA2MhbMae7T1oXbXdTvdeqbles15PBLqKTu9boKgZowOP7NGS8QI+RdewSTSSUHFQ=="
      },
      "Imazen.WebP.NativeRuntime.win-arm64": {
        "type": "Transitive",
        "resolved": "1.6.1",
        "contentHash": "1YGYYXBP2uF73pHN+gm0Ika0+4aZbFCmmp7hBEt7Of8cnvFEp5v7qkwz9L4qoF5zaqOZykkDpt6HFw2/ZuZOpg=="
      },
      "Imazen.WebP.NativeRuntime.win-x64": {
        "type": "Transitive",
        "resolved": "1.6.1",
        "contentHash": "xNAC283neZQZRvO7qBV2JsMddN25IcOMqijH6W9w0r/5+S9aqQyLUNQwYWFPJ2YADOYhaAsDlXG9Kq2K1oxSnA=="
      },
      "Imazen.WebP.NativeRuntime.win-x86": {
        "type": "Transitive",
        "resolved": "1.6.1",
        "contentHash": "Iz/qUdTjvpSTkXsMBIjm84w6+befIBqDTDkWPSMBgZf6lm9uXKqKGzAYjx3a0A5AttVp8F5BU8kNyMxztfofag=="
      },
      "System.Management": {
        "type": "Transitive",
        "resolved": "9.0.5",
        "contentHash": "n6o9PZm9p25+zAzC3/48K0oHnaPKTInRrxqFq1fi/5TPbMLjuoCm/h//mS3cUmSy+9AO1Z+qsC/Ilt/ZFatv5Q==",
        "dependencies": {
          "System.CodeDom": "9.0.5"
        }
      },
      "Magick.NET-Q8-AnyCPU": {
        "type": "CentralTransitive",
        "requested": "[14.15.0, )",
        "resolved": "14.15.0",
        "contentHash": "GYcT4dC2Dxgq/FN/PwVY+PHJEuZc5ZfQm0bj0BmvmSRXPjPPJzdOV8tbcMyNUQtHcRnsp6E/mJ5Tf62I8in3bg==",
        "dependencies": {
          "Magick.NET.Core": "14.15.0"
        }
      }
    },
    "net10.0/linux-x64": {
      "Gee.External.Capstone": {
        "type": "Transitive",
        "resolved": "2.3.0",
        "contentHash": "2ap/rYmjtzCOT8hxrnEW/QeiOt+paD8iRrIcdKX0cxVwWLFa1e+JDBNeECakmccXrSFeBQuu5AV8SNkipFMMMw=="
      },
      "Imazen.WebP.NativeRuntime.linux-arm64": {
        "type": "Transitive",
        "resolved": "1.6.1",
        "contentHash": "FDnxenIsIukfoxVYDqdVJrv+wH8UT2LJjUFYUfn0Dl0g5CrIc6ky5gKlnnn2g44q0Tu6LM2VLQel1DX1yY3wIQ=="
      },
      "Imazen.WebP.NativeRuntime.linux-x64": {
        "type": "Transitive",
        "resolved": "1.6.1",
        "contentHash": "g6dgg2KHAJD75JAjctFb57d+PRczizX5iCWWJX8pMroxU0GGM+LfQNOOTJnZHtFiRBJ3IBuKglCUKygCzTEQzw=="
      },
      "Imazen.WebP.NativeRuntime.osx-arm64": {
        "type": "Transitive",
        "resolved": "1.6.1",
        "contentHash": "jM+p/6Yt7JMOp/annM7RgBYVAvi4NuaId3ez+opCAp/KfbHnqejkwJZvZyRva8nkEBswsk8LU+ptYklvOa0+7Q=="
      },
      "Imazen.WebP.NativeRuntime.osx-x64": {
        "type": "Transitive",
        "resolved": "1.6.1",
        "contentHash": "sSzU91me+psXKIiiJ7aTOrA2MhbMae7T1oXbXdTvdeqbles15PBLqKTu9boKgZowOP7NGS8QI+RdewSTSSUHFQ=="
      },
      "Imazen.WebP.NativeRuntime.win-arm64": {
        "type": "Transitive",
        "resolved": "1.6.1",
        "contentHash": "1YGYYXBP2uF73pHN+gm0Ika0+4aZbFCmmp7hBEt7Of8cnvFEp5v7qkwz9L4qoF5zaqOZykkDpt6HFw2/ZuZOpg=="
      },
      "Imazen.WebP.NativeRuntime.win-x64": {
        "type": "Transitive",
        "resolved": "1.6.1",
        "contentHash": "xNAC283neZQZRvO7qBV2JsMddN25IcOMqijH6W9w0r/5+S9aqQyLUNQwYWFPJ2YADOYhaAsDlXG9Kq2K1oxSnA=="
      },
      "Imazen.WebP.NativeRuntime.win-x86": {
        "type": "Transitive",
        "resolved": "1.6.1",
        "contentHash": "Iz/qUdTjvpSTkXsMBIjm84w6+befIBqDTDkWPSMBgZf6lm9uXKqKGzAYjx3a0A5AttVp8F5BU8kNyMxztfofag=="
      },
      "System.Management": {
        "type": "Transitive",
        "resolved": "9.0.5",
        "contentHash": "n6o9PZm9p25+zAzC3/48K0oHnaPKTInRrxqFq1fi/5TPbMLjuoCm/h//mS3cUmSy+9AO1Z+qsC/Ilt/ZFatv5Q==",
        "dependencies": {
          "System.CodeDom": "9.0.5"
        }
      },
      "Magick.NET-Q8-AnyCPU": {
        "type": "CentralTransitive",
        "requested": "[14.15.0, )",
        "resolved": "14.15.0",
        "contentHash": "GYcT4dC2Dxgq/FN/PwVY+PHJEuZc5ZfQm0bj0BmvmSRXPjPPJzdOV8tbcMyNUQtHcRnsp6E/mJ5Tf62I8in3bg==",
        "dependencies": {
          "Magick.NET.Core": "14.15.0"
        }
      }
    },
    "net10.0/osx-arm64": {
      "Gee.External.Capstone": {
        "type": "Transitive",
        "resolved": "2.3.0",
        "contentHash": "2ap/rYmjtzCOT8hxrnEW/QeiOt+paD8iRrIcdKX0cxVwWLFa1e+JDBNeECakmccXrSFeBQuu5AV8SNkipFMMMw=="
      },
      "Imazen.WebP.NativeRuntime.linux-arm64": {
        "type": "Transitive",
        "resolved": "1.6.1",
        "contentHash": "FDnxenIsIukfoxVYDqdVJrv+wH8UT2LJjUFYUfn0Dl0g5CrIc6ky5gKlnnn2g44q0Tu6LM2VLQel1DX1yY3wIQ=="
      },
      "Imazen.WebP.NativeRuntime.linux-x64": {
        "type": "Transitive",
        "resolved": "1.6.1",
        "contentHash": "g6dgg2KHAJD75JAjctFb57d+PRczizX5iCWWJX8pMroxU0GGM+LfQNOOTJnZHtFiRBJ3IBuKglCUKygCzTEQzw=="
      },
      "Imazen.WebP.NativeRuntime.osx-arm64": {
        "type": "Transitive",
        "resolved": "1.6.1",
        "contentHash": "jM+p/6Yt7JMOp/annM7RgBYVAvi4NuaId3ez+opCAp/KfbHnqejkwJZvZyRva8nkEBswsk8LU+ptYklvOa0+7Q=="
      },
      "Imazen.WebP.NativeRuntime.osx-x64": {
        "type": "Transitive",
        "resolved": "1.6.1",
        "contentHash": "sSzU91me+psXKIiiJ7aTOrA2MhbMae7T1oXbXdTvdeqbles15PBLqKTu9boKgZowOP7NGS8QI+RdewSTSSUHFQ=="
      },
      "Imazen.WebP.NativeRuntime.win-arm64": {
        "type": "Transitive",
        "resolved": "1.6.1",
        "contentHash": "1YGYYXBP2uF73pHN+gm0Ika0+4aZbFCmmp7hBEt7Of8cnvFEp5v7qkwz9L4qoF5zaqOZykkDpt6HFw2/ZuZOpg=="
      },
      "Imazen.WebP.NativeRuntime.win-x64": {
        "type": "Transitive",
        "resolved": "1.6.1",
        "contentHash": "xNAC283neZQZRvO7qBV2JsMddN25IcOMqijH6W9w0r/5+S9aqQyLUNQwYWFPJ2YADOYhaAsDlXG9Kq2K1oxSnA=="
      },
      "Imazen.WebP.NativeRuntime.win-x86": {
        "type": "Transitive",
        "resolved": "1.6.1",
        "contentHash": "Iz/qUdTjvpSTkXsMBIjm84w6+befIBqDTDkWPSMBgZf6lm9uXKqKGzAYjx3a0A5AttVp8F5BU8kNyMxztfofag=="
      },
      "System.Management": {
        "type": "Transitive",
        "resolved": "9.0.5",
        "contentHash": "n6o9PZm9p25+zAzC3/48K0oHnaPKTInRrxqFq1fi/5TPbMLjuoCm/h//mS3cUmSy+9AO1Z+qsC/Ilt/ZFatv5Q==",
        "dependencies": {
          "System.CodeDom": "9.0.5"
        }
      },
      "Magick.NET-Q8-AnyCPU": {
        "type": "CentralTransitive",
        "requested": "[14.15.0, )",
        "resolved": "14.15.0",
        "contentHash": "GYcT4dC2Dxgq/FN/PwVY+PHJEuZc5ZfQm0bj0BmvmSRXPjPPJzdOV8tbcMyNUQtHcRnsp6E/mJ5Tf62I8in3bg==",
        "dependencies": {
          "Magick.NET.Core": "14.15.0"
        }
      }
    },
    "net10.0/win-arm64": {
      "Gee.External.Capstone": {
        "type": "Transitive",
        "resolved": "2.3.0",
        "contentHash": "2ap/rYmjtzCOT8hxrnEW/QeiOt+paD8iRrIcdKX0cxVwWLFa1e+JDBNeECakmccXrSFeBQuu5AV8SNkipFMMMw=="
      },
      "Imazen.WebP.NativeRuntime.linux-arm64": {
        "type": "Transitive",
        "resolved": "1.6.1",
        "contentHash": "FDnxenIsIukfoxVYDqdVJrv+wH8UT2LJjUFYUfn0Dl0g5CrIc6ky5gKlnnn2g44q0Tu6LM2VLQel1DX1yY3wIQ=="
      },
      "Imazen.WebP.NativeRuntime.linux-x64": {
        "type": "Transitive",
        "resolved": "1.6.1",
        "contentHash": "g6dgg2KHAJD75JAjctFb57d+PRczizX5iCWWJX8pMroxU0GGM+LfQNOOTJnZHtFiRBJ3IBuKglCUKygCzTEQzw=="
      },
      "Imazen.WebP.NativeRuntime.osx-arm64": {
        "type": "Transitive",
        "resolved": "1.6.1",
        "contentHash": "jM+p/6Yt7JMOp/annM7RgBYVAvi4NuaId3ez+opCAp/KfbHnqejkwJZvZyRva8nkEBswsk8LU+ptYklvOa0+7Q=="
      },
      "Imazen.WebP.NativeRuntime.osx-x64": {
        "type": "Transitive",
        "resolved": "1.6.1",
        "contentHash": "sSzU91me+psXKIiiJ7aTOrA2MhbMae7T1oXbXdTvdeqbles15PBLqKTu9boKgZowOP7NGS8QI+RdewSTSSUHFQ=="
      },
      "Imazen.WebP.NativeRuntime.win-arm64": {
        "type": "Transitive",
        "resolved": "1.6.1",
        "contentHash": "1YGYYXBP2uF73pHN+gm0Ika0+4aZbFCmmp7hBEt7Of8cnvFEp5v7qkwz9L4qoF5zaqOZykkDpt6HFw2/ZuZOpg=="
      },
      "Imazen.WebP.NativeRuntime.win-x64": {
        "type": "Transitive",
        "resolved": "1.6.1",
        "contentHash": "xNAC283neZQZRvO7qBV2JsMddN25IcOMqijH6W9w0r/5+S9aqQyLUNQwYWFPJ2YADOYhaAsDlXG9Kq2K1oxSnA=="
      },
      "Imazen.WebP.NativeRuntime.win-x86": {
        "type": "Transitive",
        "resolved": "1.6.1",
        "contentHash": "Iz/qUdTjvpSTkXsMBIjm84w6+befIBqDTDkWPSMBgZf6lm9uXKqKGzAYjx3a0A5AttVp8F5BU8kNyMxztfofag=="
      },
      "System.Management": {
        "type": "Transitive",
        "resolved": "9.0.5",
        "contentHash": "n6o9PZm9p25+zAzC3/48K0oHnaPKTInRrxqFq1fi/5TPbMLjuoCm/h//mS3cUmSy+9AO1Z+qsC/Ilt/ZFatv5Q==",
        "dependencies": {
          "System.CodeDom": "9.0.5"
        }
      },
      "Magick.NET-Q8-AnyCPU": {
        "type": "CentralTransitive",
        "requested": "[14.15.0, )",
        "resolved": "14.15.0",
        "contentHash": "GYcT4dC2Dxgq/FN/PwVY+PHJEuZc5ZfQm0bj0BmvmSRXPjPPJzdOV8tbcMyNUQtHcRnsp6E/mJ5Tf62I8in3bg==",
        "dependencies": {
          "Magick.NET.Core": "14.15.0"
        }
      }
    },
    "net10.0/win-x64": {
      "Gee.External.Capstone": {
        "type": "Transitive",
        "resolved": "2.3.0",
        "contentHash": "2ap/rYmjtzCOT8hxrnEW/QeiOt+paD8iRrIcdKX0cxVwWLFa1e+JDBNeECakmccXrSFeBQuu5AV8SNkipFMMMw=="
      },
      "Imazen.WebP.NativeRuntime.linux-arm64": {
        "type": "Transitive",
        "resolved": "1.6.1",
        "contentHash": "FDnxenIsIukfoxVYDqdVJrv+wH8UT2LJjUFYUfn0Dl0g5CrIc6ky5gKlnnn2g44q0Tu6LM2VLQel1DX1yY3wIQ=="
      },
      "Imazen.WebP.NativeRuntime.linux-x64": {
        "type": "Transitive",
        "resolved": "1.6.1",
        "contentHash": "g6dgg2KHAJD75JAjctFb57d+PRczizX5iCWWJX8pMroxU0GGM+LfQNOOTJnZHtFiRBJ3IBuKglCUKygCzTEQzw=="
      },
      "Imazen.WebP.NativeRuntime.osx-arm64": {
        "type": "Transitive",
        "resolved": "1.6.1",
        "contentHash": "jM+p/6Yt7JMOp/annM7RgBYVAvi4NuaId3ez+opCAp/KfbHnqejkwJZvZyRva8nkEBswsk8LU+ptYklvOa0+7Q=="
      },
      "Imazen.WebP.NativeRuntime.osx-x64": {
        "type": "Transitive",
        "resolved": "1.6.1",
        "contentHash": "sSzU91me+psXKIiiJ7aTOrA2MhbMae7T1oXbXdTvdeqbles15PBLqKTu9boKgZowOP7NGS8QI+RdewSTSSUHFQ=="
      },
      "Imazen.WebP.NativeRuntime.win-arm64": {
        "type": "Transitive",
        "resolved": "1.6.1",
        "contentHash": "1YGYYXBP2uF73pHN+gm0Ika0+4aZbFCmmp7hBEt7Of8cnvFEp5v7qkwz9L4qoF5zaqOZykkDpt6HFw2/ZuZOpg=="
      },
      "Imazen.WebP.NativeRuntime.win-x64": {
        "type": "Transitive",
        "resolved": "1.6.1",
        "contentHash": "xNAC283neZQZRvO7qBV2JsMddN25IcOMqijH6W9w0r/5+S9aqQyLUNQwYWFPJ2YADOYhaAsDlXG9Kq2K1oxSnA=="
      },
      "Imazen.WebP.NativeRuntime.win-x86": {
        "type": "Transitive",
        "resolved": "1.6.1",
        "contentHash": "Iz/qUdTjvpSTkXsMBIjm84w6+befIBqDTDkWPSMBgZf6lm9uXKqKGzAYjx3a0A5AttVp8F5BU8kNyMxztfofag=="
      },
      "System.Management": {
        "type": "Transitive",
        "resolved": "9.0.5",
        "contentHash": "n6o9PZm9p25+zAzC3/48K0oHnaPKTInRrxqFq1fi/5TPbMLjuoCm/h//mS3cUmSy+9AO1Z+qsC/Ilt/ZFatv5Q==",
        "dependencies": {
          "System.CodeDom": "9.0.5"
        }
      },
      "Magick.NET-Q8-AnyCPU": {
        "type": "CentralTransitive",
        "requested": "[14.15.0, )",
        "resolved": "14.15.0",
        "contentHash": "GYcT4dC2Dxgq/FN/PwVY+PHJEuZc5ZfQm0bj0BmvmSRXPjPPJzdOV8tbcMyNUQtHcRnsp6E/mJ5Tf62I8in3bg==",
        "dependencies": {
          "Magick.NET.Core": "14.15.0"
        }
      }
    }
  }
}