{
  "version": 2,
  "dependencies": {
    "net10.0": {
      "FsUnit": {
        "type": "Direct",
        "requested": "[7.1.1, )",
        "resolved": "7.1.1",
        "contentHash": "aiPmlbAduJoMMtwvkn/3jg4LSOadGyHcmocyHTct2RFNIhKphre97j+Qrtb6Pnlj5Ra0dopkt7DhQYtN06dqMg==",
        "dependencies": {
          "FSharp.Core": "5.0.2",
          "NUnit": "4.0.1"
        }
      },
      "Microsoft.NET.ILLink.Tasks": {
        "type": "Direct",
        "requested": "[10.0.9, )",
        "resolved": "10.0.9",
        "contentHash": "4Iw41e2h7I4t70SJcX2GCmbyKJIlA273Cfm9RJMM050/3VBejGAG1KcthP5Z2L6SQcbfbf6BhNWO26+ZG+GzMg=="
      },
      "Microsoft.NET.Test.Sdk": {
        "type": "Direct",
        "requested": "[18.8.1, )",
        "resolved": "18.8.1",
        "contentHash": "dknJL3/9Y3t4XuCBqnc0PevPxgLsUMmVhjwup/b1HNovA8zWcj3XsfIf7c6p05363DWcqL7X/YhDL9B+Zymv1w==",
        "dependencies": {
          "Microsoft.CodeCoverage": "18.8.1",
          "Microsoft.TestPlatform.TestHost": "18.8.1"
        }
      },
      "NUnit": {
        "type": "Direct",
        "requested": "[4.6.1, )",
        "resolved": "4.6.1",
        "contentHash": "xS4+YaBFUv1r8bcAbjitSfYaRZGfMwUiMdiaRziBXZpKgVxKDSHhjUn0mV5mObHGZRZq6eNa+WFWr3g8grj66A=="
      },
      "NUnit3TestAdapter": {
        "type": "Direct",
        "requested": "[6.2.0, )",
        "resolved": "6.2.0",
        "contentHash": "8PMJB8za2u8S0ey/nEtvh9BHjLhv5yzUEMCmA0+VIPLKSeOAZ3TEHWDyAp0+iPQb3jnBH1o8k0PoU2FgzXLRnQ==",
        "dependencies": {
          "Microsoft.Extensions.DependencyModel": "8.0.2",
          "Microsoft.Testing.Extensions.VSTestBridge": "2.1.0",
          "Microsoft.Testing.Platform.MSBuild": "2.1.0"
        }
      },
      "Imazen.WebP.NativeRuntime.linux-arm64": {
        "type": "Transitive",
        "resolved": "1.6.1",
        "contentHash": "FDnxenIsIukfoxVYDqdVJrv+wH8UT2LJjUFYUfn0Dl0g5CrIc6ky5gKlnnn2g44q0Tu6LM2VLQel1DX1yY3wIQ=="
      },
      "Imazen.WebP.NativeRuntime.linux-x64": {
        "type": "Transitive",
        "resolved": "1.6.1",
        "contentHash": "g6dgg2KHAJD75JAjctFb57d+PRczizX5iCWWJX8pMroxU0GGM+LfQNOOTJnZHtFiRBJ3IBuKglCUKygCzTEQzw=="
      },
      "Imazen.WebP.NativeRuntime.osx-arm64": {
        "type": "Transitive",
        "resolved": "1.6.1",
        "contentHash": "jM+p/6Yt7JMOp/annM7RgBYVAvi4NuaId3ez+opCAp/KfbHnqejkwJZvZyRva8nkEBswsk8LU+ptYklvOa0+7Q=="
      },
      "Imazen.WebP.NativeRuntime.osx-x64": {
        "type": "Transitive",
        "resolved": "1.6.1",
        "contentHash": "sSzU91me+psXKIiiJ7aTOrA2MhbMae7T1oXbXdTvdeqbles15PBLqKTu9boKgZowOP7NGS8QI+RdewSTSSUHFQ=="
      },
      "Imazen.WebP.NativeRuntime.win-arm64": {
        "type": "Transitive",
        "resolved": "1.6.1",
        "contentHash": "1YGYYXBP2uF73pHN+gm0Ika0+4aZbFCmmp7hBEt7Of8cnvFEp5v7qkwz9L4qoF5zaqOZykkDpt6HFw2/ZuZOpg=="
      },
      "Imazen.WebP.NativeRuntime.win-x64": {
        "type": "Transitive",
        "resolved": "1.6.1",
        "contentHash": "xNAC283neZQZRvO7qBV2JsMddN25IcOMqijH6W9w0r/5+S9aqQyLUNQwYWFPJ2YADOYhaAsDlXG9Kq2K1oxSnA=="
      },
      "Imazen.WebP.NativeRuntime.win-x86": {
        "type": "Transitive",
        "resolved": "1.6.1",
        "contentHash": "Iz/qUdTjvpSTkXsMBIjm84w6+befIBqDTDkWPSMBgZf6lm9uXKqKGzAYjx3a0A5AttVp8F5BU8kNyMxztfofag=="
      },
      "LuaCSharp.Annotations": {
        "type": "Transitive",
        "resolved": "0.5.5",
        "contentHash": "5VcwcTNGCY5YXLz2BRko5/Z0YGd6MZqNsnnfPOsGHHpAtqWPFbD0vtOZR4jUqaQLtQUvl2+WRfmIOhp6L2S0rw=="
      },
      "LuaCSharp.SourceGenerator": {
        "type": "Transitive",
        "resolved": "0.5.5",
        "contentHash": "2xHKGc1bYXTsmSzZCNmKkuAU6A+1azulNiPY/ICKBSHIgEPMNRQ7JS6PvAClrHe6bk8SKcC/fbba6igtDzDaAw=="
      },
      "Microsoft.ApplicationInsights": {
        "type": "Transitive",
        "resolved": "2.23.0",
        "contentHash": "nWArUZTdU7iqZLycLKWe0TDms48KKGE6pONH2terYNa8REXiqixrMOkf1sk5DHGMaUTqONU2YkS4SAXBhLStgw=="
      },
      "Microsoft.CodeCoverage": {
        "type": "Transitive",
        "resolved": "18.8.1",
        "contentHash": "Eclse/ZZjr4lmWzZFNN9h/OluhKL+SK/QbUyKUewgX139aGeyMEO/DkMPwuFs2MixvanTnz6891rF8UHDg+W4Q=="
      },
      "Microsoft.Extensions.DependencyModel": {
        "type": "Transitive",
        "resolved": "8.0.2",
        "contentHash": "mUBDZZRgZrSyFOsJ2qJJ9fXfqd/kXJwf3AiDoqLD9m6TjY5OO/vLNOb9fb4juC0487eq4hcGN/M2Rh/CKS7QYw=="
      },
      "Microsoft.Testing.Extensions.Telemetry": {
        "type": "Transitive",
        "resolved": "2.1.0",
        "contentHash": "5TwgTx2u7k9Al/xbZ18QXq4Hdy2xewkVTI6K3sk+jY2ykqUkIKNuj7rFu3GOV5KnEUkevhw6eZcyZs77STHJIA==",
        "dependencies": {
          "Microsoft.ApplicationInsights": "2.23.0",
          "Microsoft.Testing.Platform": "2.1.0"
        }
      },
      "Microsoft.Testing.Extensions.TrxReport.Abstractions": {
        "type": "Transitive",
        "resolved": "2.1.0",
        "contentHash": "D8xmIJYQFJ6D49Rx5/vPrkZZxb338Jkew+eSqZLBfBiWKw4QZKy3i1BOXiLfz0lOmaNErwDz/YWRojCdNl+B9Q==",
        "dependencies": {
          "Microsoft.Testing.Platform": "2.1.0"
        }
      },
      "Microsoft.Testing.Extensions.VSTestBridge": {
        "type": "Transitive",
        "resolved": "2.1.0",
        "contentHash": "bNRIEA2YoGr+Y+7LHdA7i1U80+7BAdf4K4Qh4Kx6eKkoBK/NV7QpoMg+GWPP0/eqAFzuUmUOIPVZ87Oo0Vyxmw==",
        "dependencies": {
          "Microsoft.TestPlatform.ObjectModel": "18.0.1",
          "Microsoft.Testing.Extensions.Telemetry": "2.1.0",
          "Microsoft.Testing.Extensions.TrxReport.Abstractions": "2.1.0",
          "Microsoft.Testing.Platform": "2.1.0"
        }
      },
      "Microsoft.Testing.Platform": {
        "type": "Transitive",
        "resolved": "2.1.0",
        "contentHash": "aHkjNTGIA+Zbdw6RJgSFrbDrCjO0CgqpElqYcvkRSeUhBv2bKarnvU3ep786U7UqrPlArT/B7VmImRibJD0Zrg=="
      },
      "Microsoft.Testing.Platform.MSBuild": {
        "type": "Transitive",
        "resolved": "2.1.0",
        "contentHash": "UpfPebXQtHGrWz21+YLHmJSm+5zsuPE9U9pfdCtoB+67g75fDmWlNgpkH2ZmdVhSwkjNIed9Icg8Iu63z2ei5Q==",
        "dependencies": {
          "Microsoft.Testing.Platform": "2.1.0"
        }
      },
      "Microsoft.TestPlatform.ObjectModel": {
        "type": "Transitive",
        "resolved": "18.8.1",
        "contentHash": "qLbktNB1+b1XZLNJBTzaWVVJAd6PEzD7cgD406geMb6PcFZhp3EDNa1tctWx1+mtMU6MP/6ozVvFPC9vs2a9rw=="
      },
      "Microsoft.TestPlatform.TestHost": {
        "type": "Transitive",
        "resolved": "18.8.1",
        "contentHash": "FaQHPDTUOcE+SFTjssNPfrub2lT9Zyon4J2W/KLHt/efLJACb1TCeWXyOgh0D/4Q1e4n+S3E6mOKud+9nLZlEA==",
        "dependencies": {
          "Microsoft.TestPlatform.ObjectModel": "18.8.1"
        }
      },
      "viset": {
        "type": "Project",
        "dependencies": {
          "FSharp.Core": "[10.1.301, )",
          "Imazen.WebP.NativeRuntime.All": "[1.6.1, )",
          "LuaCSharp": "[0.5.5, )",
          "StbImageSharp": "[2.30.15, )",
          "Viset.Serialization": "[1.0.0, )"
        }
      },
      "viset.serialization": {
        "type": "Project",
        "dependencies": {
          "Tomlyn": "[2.10.1, )"
        }
      },
      "FSharp.Core": {
        "type": "CentralTransitive",
        "requested": "[10.1.301, )",
        "resolved": "10.1.301",
        "contentHash": "excLf2zM/qUB3WhRUfI0xvOOaPwcRAEdYT/BXe9eiTKySnWVuIKMQTf5+6ETy5nsb1dpLp1s2j2yAM/XcRgFMg=="
      },
      "Imazen.WebP.NativeRuntime.All": {
        "type": "CentralTransitive",
        "requested": "[1.6.1, )",
        "resolved": "1.6.1",
        "contentHash": "uwUBDum58VRhjlheE3XAw35dp5sdClblIhSrzmjD6sB67HumMM8qFB0foVZE1zOw4XUjyRniWRp8/GeKCSEM+Q==",
        "dependencies": {
          "Imazen.WebP.NativeRuntime.linux-arm64": "1.6.1",
          "Imazen.WebP.NativeRuntime.linux-x64": "1.6.1",
          "Imazen.WebP.NativeRuntime.osx-arm64": "1.6.1",
          "Imazen.WebP.NativeRuntime.osx-x64": "1.6.1",
          "Imazen.WebP.NativeRuntime.win-arm64": "1.6.1",
          "Imazen.WebP.NativeRuntime.win-x64": "1.6.1",
          "Imazen.WebP.NativeRuntime.win-x86": "1.6.1"
        }
      },
      "LuaCSharp": {
        "type": "CentralTransitive",
        "requested": "[0.5.5, )",
        "resolved": "0.5.5",
        "contentHash": "IL44DCbMtEafyiy8DzHFd/f+1pXuDUVFJMCJPAu8vQHNfO3ADSoWSOKMg9Py1za/ZE1K0gs0jll1viInoN+19Q==",
        "dependencies": {
          "LuaCSharp.Annotations": "0.5.5",
          "LuaCSharp.SourceGenerator": "0.5.5"
        }
      },
      "StbImageSharp": {
        "type": "CentralTransitive",
        "requested": "[2.30.15, )",
        "resolved": "2.30.15",
        "contentHash": "7QqbupVhz2kcFUPTgMw4iHR9rYDHGundzzee19Mwmd1typ2Lnv8EVJcLJxlkeBM2+4ex0NwsMtdbGSJctp1XCQ=="
      },
      "Tomlyn": {
        "type": "CentralTransitive",
        "requested": "[2.10.1, )",
        "resolved": "2.10.1",
        "contentHash": "ykjOY3IpYmC4SpPcAZRTl/w2jTmhPMDydHq8xcV7tTBAQ22nKBsOkPqauIrZlMjHm03cmKfV23UOPscKp+J4Og=="
      }
    },
    "net10.0/linux-arm64": {
      "Imazen.WebP.NativeRuntime.linux-arm64": {
        "type": "Transitive",
        "resolved": "1.6.1",
        "contentHash": "FDnxenIsIukfoxVYDqdVJrv+wH8UT2LJjUFYUfn0Dl0g5CrIc6ky5gKlnnn2g44q0Tu6LM2VLQel1DX1yY3wIQ=="
      },
      "Imazen.WebP.NativeRuntime.linux-x64": {
        "type": "Transitive",
        "resolved": "1.6.1",
        "contentHash": "g6dgg2KHAJD75JAjctFb57d+PRczizX5iCWWJX8pMroxU0GGM+LfQNOOTJnZHtFiRBJ3IBuKglCUKygCzTEQzw=="
      },
      "Imazen.WebP.NativeRuntime.osx-arm64": {
        "type": "Transitive",
        "resolved": "1.6.1",
        "contentHash": "jM+p/6Yt7JMOp/annM7RgBYVAvi4NuaId3ez+opCAp/KfbHnqejkwJZvZyRva8nkEBswsk8LU+ptYklvOa0+7Q=="
      },
      "Imazen.WebP.NativeRuntime.osx-x64": {
        "type": "Transitive",
        "resolved": "1.6.1",
        "contentHash": "sSzU91me+psXKIiiJ7aTOrA2MhbMae7T1oXbXdTvdeqbles15PBLqKTu9boKgZowOP7NGS8QI+RdewSTSSUHFQ=="
      },
      "Imazen.WebP.NativeRuntime.win-arm64": {
        "type": "Transitive",
        "resolved": "1.6.1",
        "contentHash": "1YGYYXBP2uF73pHN+gm0Ika0+4aZbFCmmp7hBEt7Of8cnvFEp5v7qkwz9L4qoF5zaqOZykkDpt6HFw2/ZuZOpg=="
      },
      "Imazen.WebP.NativeRuntime.win-x64": {
        "type": "Transitive",
        "resolved": "1.6.1",
        "contentHash": "xNAC283neZQZRvO7qBV2JsMddN25IcOMqijH6W9w0r/5+S9aqQyLUNQwYWFPJ2YADOYhaAsDlXG9Kq2K1oxSnA=="
      },
      "Imazen.WebP.NativeRuntime.win-x86": {
        "type": "Transitive",
        "resolved": "1.6.1",
        "contentHash": "Iz/qUdTjvpSTkXsMBIjm84w6+befIBqDTDkWPSMBgZf6lm9uXKqKGzAYjx3a0A5AttVp8F5BU8kNyMxztfofag=="
      }
    },
    "net10.0/linux-x64": {
      "Imazen.WebP.NativeRuntime.linux-arm64": {
        "type": "Transitive",
        "resolved": "1.6.1",
        "contentHash": "FDnxenIsIukfoxVYDqdVJrv+wH8UT2LJjUFYUfn0Dl0g5CrIc6ky5gKlnnn2g44q0Tu6LM2VLQel1DX1yY3wIQ=="
      },
      "Imazen.WebP.NativeRuntime.linux-x64": {
        "type": "Transitive",
        "resolved": "1.6.1",
        "contentHash": "g6dgg2KHAJD75JAjctFb57d+PRczizX5iCWWJX8pMroxU0GGM+LfQNOOTJnZHtFiRBJ3IBuKglCUKygCzTEQzw=="
      },
      "Imazen.WebP.NativeRuntime.osx-arm64": {
        "type": "Transitive",
        "resolved": "1.6.1",
        "contentHash": "jM+p/6Yt7JMOp/annM7RgBYVAvi4NuaId3ez+opCAp/KfbHnqejkwJZvZyRva8nkEBswsk8LU+ptYklvOa0+7Q=="
      },
      "Imazen.WebP.NativeRuntime.osx-x64": {
        "type": "Transitive",
        "resolved": "1.6.1",
        "contentHash": "sSzU91me+psXKIiiJ7aTOrA2MhbMae7T1oXbXdTvdeqbles15PBLqKTu9boKgZowOP7NGS8QI+RdewSTSSUHFQ=="
      },
      "Imazen.WebP.NativeRuntime.win-arm64": {
        "type": "Transitive",
        "resolved": "1.6.1",
        "contentHash": "1YGYYXBP2uF73pHN+gm0Ika0+4aZbFCmmp7hBEt7Of8cnvFEp5v7qkwz9L4qoF5zaqOZykkDpt6HFw2/ZuZOpg=="
      },
      "Imazen.WebP.NativeRuntime.win-x64": {
        "type": "Transitive",
        "resolved": "1.6.1",
        "contentHash": "xNAC283neZQZRvO7qBV2JsMddN25IcOMqijH6W9w0r/5+S9aqQyLUNQwYWFPJ2YADOYhaAsDlXG9Kq2K1oxSnA=="
      },
      "Imazen.WebP.NativeRuntime.win-x86": {
        "type": "Transitive",
        "resolved": "1.6.1",
        "contentHash": "Iz/qUdTjvpSTkXsMBIjm84w6+befIBqDTDkWPSMBgZf6lm9uXKqKGzAYjx3a0A5AttVp8F5BU8kNyMxztfofag=="
      }
    },
    "net10.0/osx-arm64": {
      "Imazen.WebP.NativeRuntime.linux-arm64": {
        "type": "Transitive",
        "resolved": "1.6.1",
        "contentHash": "FDnxenIsIukfoxVYDqdVJrv+wH8UT2LJjUFYUfn0Dl0g5CrIc6ky5gKlnnn2g44q0Tu6LM2VLQel1DX1yY3wIQ=="
      },
      "Imazen.WebP.NativeRuntime.linux-x64": {
        "type": "Transitive",
        "resolved": "1.6.1",
        "contentHash": "g6dgg2KHAJD75JAjctFb57d+PRczizX5iCWWJX8pMroxU0GGM+LfQNOOTJnZHtFiRBJ3IBuKglCUKygCzTEQzw=="
      },
      "Imazen.WebP.NativeRuntime.osx-arm64": {
        "type": "Transitive",
        "resolved": "1.6.1",
        "contentHash": "jM+p/6Yt7JMOp/annM7RgBYVAvi4NuaId3ez+opCAp/KfbHnqejkwJZvZyRva8nkEBswsk8LU+ptYklvOa0+7Q=="
      },
      "Imazen.WebP.NativeRuntime.osx-x64": {
        "type": "Transitive",
        "resolved": "1.6.1",
        "contentHash": "sSzU91me+psXKIiiJ7aTOrA2MhbMae7T1oXbXdTvdeqbles15PBLqKTu9boKgZowOP7NGS8QI+RdewSTSSUHFQ=="
      },
      "Imazen.WebP.NativeRuntime.win-arm64": {
        "type": "Transitive",
        "resolved": "1.6.1",
        "contentHash": "1YGYYXBP2uF73pHN+gm0Ika0+4aZbFCmmp7hBEt7Of8cnvFEp5v7qkwz9L4qoF5zaqOZykkDpt6HFw2/ZuZOpg=="
      },
      "Imazen.WebP.NativeRuntime.win-x64": {
        "type": "Transitive",
        "resolved": "1.6.1",
        "contentHash": "xNAC283neZQZRvO7qBV2JsMddN25IcOMqijH6W9w0r/5+S9aqQyLUNQwYWFPJ2YADOYhaAsDlXG9Kq2K1oxSnA=="
      },
      "Imazen.WebP.NativeRuntime.win-x86": {
        "type": "Transitive",
        "resolved": "1.6.1",
        "contentHash": "Iz/qUdTjvpSTkXsMBIjm84w6+befIBqDTDkWPSMBgZf6lm9uXKqKGzAYjx3a0A5AttVp8F5BU8kNyMxztfofag=="
      }
    },
    "net10.0/win-arm64": {
      "Imazen.WebP.NativeRuntime.linux-arm64": {
        "type": "Transitive",
        "resolved": "1.6.1",
        "contentHash": "FDnxenIsIukfoxVYDqdVJrv+wH8UT2LJjUFYUfn0Dl0g5CrIc6ky5gKlnnn2g44q0Tu6LM2VLQel1DX1yY3wIQ=="
      },
      "Imazen.WebP.NativeRuntime.linux-x64": {
        "type": "Transitive",
        "resolved": "1.6.1",
        "contentHash": "g6dgg2KHAJD75JAjctFb57d+PRczizX5iCWWJX8pMroxU0GGM+LfQNOOTJnZHtFiRBJ3IBuKglCUKygCzTEQzw=="
      },
      "Imazen.WebP.NativeRuntime.osx-arm64": {
        "type": "Transitive",
        "resolved": "1.6.1",
        "contentHash": "jM+p/6Yt7JMOp/annM7RgBYVAvi4NuaId3ez+opCAp/KfbHnqejkwJZvZyRva8nkEBswsk8LU+ptYklvOa0+7Q=="
      },
      "Imazen.WebP.NativeRuntime.osx-x64": {
        "type": "Transitive",
        "resolved": "1.6.1",
        "contentHash": "sSzU91me+psXKIiiJ7aTOrA2MhbMae7T1oXbXdTvdeqbles15PBLqKTu9boKgZowOP7NGS8QI+RdewSTSSUHFQ=="
      },
      "Imazen.WebP.NativeRuntime.win-arm64": {
        "type": "Transitive",
        "resolved": "1.6.1",
        "contentHash": "1YGYYXBP2uF73pHN+gm0Ika0+4aZbFCmmp7hBEt7Of8cnvFEp5v7qkwz9L4qoF5zaqOZykkDpt6HFw2/ZuZOpg=="
      },
      "Imazen.WebP.NativeRuntime.win-x64": {
        "type": "Transitive",
        "resolved": "1.6.1",
        "contentHash": "xNAC283neZQZRvO7qBV2JsMddN25IcOMqijH6W9w0r/5+S9aqQyLUNQwYWFPJ2YADOYhaAsDlXG9Kq2K1oxSnA=="
      },
      "Imazen.WebP.NativeRuntime.win-x86": {
        "type": "Transitive",
        "resolved": "1.6.1",
        "contentHash": "Iz/qUdTjvpSTkXsMBIjm84w6+befIBqDTDkWPSMBgZf6lm9uXKqKGzAYjx3a0A5AttVp8F5BU8kNyMxztfofag=="
      }
    },
    "net10.0/win-x64": {
      "Imazen.WebP.NativeRuntime.linux-arm64": {
        "type": "Transitive",
        "resolved": "1.6.1",
        "contentHash": "FDnxenIsIukfoxVYDqdVJrv+wH8UT2LJjUFYUfn0Dl0g5CrIc6ky5gKlnnn2g44q0Tu6LM2VLQel1DX1yY3wIQ=="
      },
      "Imazen.WebP.NativeRuntime.linux-x64": {
        "type": "Transitive",
        "resolved": "1.6.1",
        "contentHash": "g6dgg2KHAJD75JAjctFb57d+PRczizX5iCWWJX8pMroxU0GGM+LfQNOOTJnZHtFiRBJ3IBuKglCUKygCzTEQzw=="
      },
      "Imazen.WebP.NativeRuntime.osx-arm64": {
        "type": "Transitive",
        "resolved": "1.6.1",
        "contentHash": "jM+p/6Yt7JMOp/annM7RgBYVAvi4NuaId3ez+opCAp/KfbHnqejkwJZvZyRva8nkEBswsk8LU+ptYklvOa0+7Q=="
      },
      "Imazen.WebP.NativeRuntime.osx-x64": {
        "type": "Transitive",
        "resolved": "1.6.1",
        "contentHash": "sSzU91me+psXKIiiJ7aTOrA2MhbMae7T1oXbXdTvdeqbles15PBLqKTu9boKgZowOP7NGS8QI+RdewSTSSUHFQ=="
      },
      "Imazen.WebP.NativeRuntime.win-arm64": {
        "type": "Transitive",
        "resolved": "1.6.1",
        "contentHash": "1YGYYXBP2uF73pHN+gm0Ika0+4aZbFCmmp7hBEt7Of8cnvFEp5v7qkwz9L4qoF5zaqOZykkDpt6HFw2/ZuZOpg=="
      },
      "Imazen.WebP.NativeRuntime.win-x64": {
        "type": "Transitive",
        "resolved": "1.6.1",
        "contentHash": "xNAC283neZQZRvO7qBV2JsMddN25IcOMqijH6W9w0r/5+S9aqQyLUNQwYWFPJ2YADOYhaAsDlXG9Kq2K1oxSnA=="
      },
      "Imazen.WebP.NativeRuntime.win-x86": {
        "type": "Transitive",
        "resolved": "1.6.1",
        "contentHash": "Iz/qUdTjvpSTkXsMBIjm84w6+befIBqDTDkWPSMBgZf6lm9uXKqKGzAYjx3a0A5AttVp8F5BU8kNyMxztfofag=="
      }
    }
  }
}